PODS:
  - Alamofire (5.7.1)
  - SwiftyJSON (4.3.0)

DEPENDENCIES:
  - Alamofire
  - SwiftyJSON (~> 4.0)

SPEC REPOS:
  trunk:
    - Alamofire
    - SwiftyJSON

SPEC CHECKSUMS:
  Alamofire: 0123a34370cb170936ae79a8df46cc62b2edeb88
  SwiftyJSON: 6faa0040f8b59dead0ee07436cbf76b73c08fd08

PODFILE CHECKSUM: 45e4d43199a29f27232c3ec1a18acfb34cfd2ad5

COCOAPODS: 1.12.1
