// !$*UTF8*$!
{
	archiveVersion = 1;
	classes = {
	};
	objectVersion = 56;
	objects = {

/* Begin PBXBuildFile section */
		78D6CB2D800D7314D4C1FEFA /* Pods_CoreDataStudy.framework in Frameworks */ = {isa = PBXBuildFile; fileRef = 1655EF61F11AE455D95EFCA4 /* Pods_CoreDataStudy.framework */; };
		9849F1B12A8580DE003EB0C9 /* CoreDataStudyApp.swift in Sources */ = {isa = PBXBuildFile; fileRef = 9849F1B02A8580DE003EB0C9 /* CoreDataStudyApp.swift */; };
		9849F1B32A8580DE003EB0C9 /* ContentView.swift in Sources */ = {isa = PBXBuildFile; fileRef = 9849F1B22A8580DE003EB0C9 /* ContentView.swift */; };
		9849F1B52A8580DF003EB0C9 /* Assets.xcassets in Resources */ = {isa = PBXBuildFile; fileRef = 9849F1B42A8580DF003EB0C9 /* Assets.xcassets */; };
		9849F1B82A8580DF003EB0C9 /* Preview Assets.xcassets in Resources */ = {isa = PBXBuildFile; fileRef = 9849F1B72A8580DF003EB0C9 /* Preview Assets.xcassets */; };
		9849F1BA2A8580DF003EB0C9 /* Persistence.swift in Sources */ = {isa = PBXBuildFile; fileRef = 9849F1B92A8580DF003EB0C9 /* Persistence.swift */; };
		9849F1BD2A8580DF003EB0C9 /* CoreDataStudy.xcdatamodeld in Sources */ = {isa = PBXBuildFile; fileRef = 9849F1BB2A8580DF003EB0C9 /* CoreDataStudy.xcdatamodeld */; };
		9849F1CA2A86A69F003EB0C9 /* CatSelectorView.swift in Sources */ = {isa = PBXBuildFile; fileRef = 9849F1C92A86A69F003EB0C9 /* CatSelectorView.swift */; };
		9849F1CD2A86D634003EB0C9 /* StarShower.swift in Sources */ = {isa = PBXBuildFile; fileRef = 9849F1CC2A86D634003EB0C9 /* StarShower.swift */; };
		9849F1CF2A8AADBE003EB0C9 /* CatList.swift in Sources */ = {isa = PBXBuildFile; fileRef = 9849F1CE2A8AADBE003EB0C9 /* CatList.swift */; };
/* End PBXBuildFile section */

/* Begin PBXFileReference section */
		1655EF61F11AE455D95EFCA4 /* Pods_CoreDataStudy.framework */ = {isa = PBXFileReference; explicitFileType = wrapper.framework; includeInIndex = 0; path = Pods_CoreDataStudy.framework; sourceTree = BUILT_PRODUCTS_DIR; };
		9849F1AD2A8580DE003EB0C9 /* CoreDataStudy.app */ = {isa = PBXFileReference; explicitFileType = wrapper.application; includeInIndex = 0; path = CoreDataStudy.app; sourceTree = BUILT_PRODUCTS_DIR; };
		9849F1B02A8580DE003EB0C9 /* CoreDataStudyApp.swift */ = {isa = PBXFileReference; lastKnownFileType = sourcecode.swift; path = CoreDataStudyApp.swift; sourceTree = "<group>"; };
		9849F1B22A8580DE003EB0C9 /* ContentView.swift */ = {isa = PBXFileReference; lastKnownFileType = sourcecode.swift; path = ContentView.swift; sourceTree = "<group>"; };
		9849F1B42A8580DF003EB0C9 /* Assets.xcassets */ = {isa = PBXFileReference; lastKnownFileType = folder.assetcatalog; path = Assets.xcassets; sourceTree = "<group>"; };
		9849F1B72A8580DF003EB0C9 /* Preview Assets.xcassets */ = {isa = PBXFileReference; lastKnownFileType = folder.assetcatalog; path = "Preview Assets.xcassets"; sourceTree = "<group>"; };
		9849F1B92A8580DF003EB0C9 /* Persistence.swift */ = {isa = PBXFileReference; lastKnownFileType = sourcecode.swift; path = Persistence.swift; sourceTree = "<group>"; };
		9849F1BC2A8580DF003EB0C9 /* CoreDataStudy.xcdatamodel */ = {isa = PBXFileReference; lastKnownFileType = wrapper.xcdatamodel; path = CoreDataStudy.xcdatamodel; sourceTree = "<group>"; };
		9849F1C92A86A69F003EB0C9 /* CatSelectorView.swift */ = {isa = PBXFileReference; lastKnownFileType = sourcecode.swift; path = CatSelectorView.swift; sourceTree = "<group>"; };
		9849F1CC2A86D634003EB0C9 /* StarShower.swift */ = {isa = PBXFileReference; lastKnownFileType = sourcecode.swift; path = StarShower.swift; sourceTree = "<group>"; };
		9849F1CE2A8AADBE003EB0C9 /* CatList.swift */ = {isa = PBXFileReference; lastKnownFileType = sourcecode.swift; path = CatList.swift; sourceTree = "<group>"; };
		A546B1D7C065BA338B35271D /* Pods-CoreDataStudy.debug.xcconfig */ = {isa = PBXFileReference; includeInIndex = 1; lastKnownFileType = text.xcconfig; name = "Pods-CoreDataStudy.debug.xcconfig"; path = "Target Support Files/Pods-CoreDataStudy/Pods-CoreDataStudy.debug.xcconfig"; sourceTree = "<group>"; };
		E687CB230C9993249834D201 /* Pods-CoreDataStudy.release.xcconfig */ = {isa = PBXFileReference; includeInIndex = 1; lastKnownFileType = text.xcconfig; name = "Pods-CoreDataStudy.release.xcconfig"; path = "Target Support Files/Pods-CoreDataStudy/Pods-CoreDataStudy.release.xcconfig"; sourceTree = "<group>"; };
/* End PBXFileReference section */

/* Begin PBXFrameworksBuildPhase section */
		9849F1AA2A8580DE003EB0C9 /* Frameworks */ = {
			isa = PBXFrameworksBuildPhase;
			buildActionMask = 2147483647;
			files = (
				78D6CB2D800D7314D4C1FEFA /* Pods_CoreDataStudy.framework in Frameworks */,
			);
			runOnlyForDeploymentPostprocessing = 0;
		};
/* End PBXFrameworksBuildPhase section */

/* Begin PBXGroup section */
		9849F1A42A8580DE003EB0C9 = {
			isa = PBXGroup;
			children = (
				9849F1AF2A8580DE003EB0C9 /* CoreDataStudy */,
				9849F1AE2A8580DE003EB0C9 /* Products */,
				EF09D2A01363A907A92DA32E /* Pods */,
				F9028DFB8AB030268FBFC1DA /* Frameworks */,
			);
			sourceTree = "<group>";
		};
		9849F1AE2A8580DE003EB0C9 /* Products */ = {
			isa = PBXGroup;
			children = (
				9849F1AD2A8580DE003EB0C9 /* CoreDataStudy.app */,
			);
			name = Products;
			sourceTree = "<group>";
		};
		9849F1AF2A8580DE003EB0C9 /* CoreDataStudy */ = {
			isa = PBXGroup;
			children = (
				9849F1CB2A86D625003EB0C9 /* Components */,
				9849F1C62A86A474003EB0C9 /* Screens */,
				9849F1B02A8580DE003EB0C9 /* CoreDataStudyApp.swift */,
				9849F1B22A8580DE003EB0C9 /* ContentView.swift */,
				9849F1B42A8580DF003EB0C9 /* Assets.xcassets */,
				9849F1B92A8580DF003EB0C9 /* Persistence.swift */,
				9849F1BB2A8580DF003EB0C9 /* CoreDataStudy.xcdatamodeld */,
				9849F1B62A8580DF003EB0C9 /* Preview Content */,
			);
			path = CoreDataStudy;
			sourceTree = "<group>";
		};
		9849F1B62A8580DF003EB0C9 /* Preview Content */ = {
			isa = PBXGroup;
			children = (
				9849F1B72A8580DF003EB0C9 /* Preview Assets.xcassets */,
			);
			path = "Preview Content";
			sourceTree = "<group>";
		};
		9849F1C62A86A474003EB0C9 /* Screens */ = {
			isa = PBXGroup;
			children = (
				9849F1C92A86A69F003EB0C9 /* CatSelectorView.swift */,
				9849F1CC2A86D634003EB0C9 /* StarShower.swift */,
				9849F1CE2A8AADBE003EB0C9 /* CatList.swift */,
			);
			path = Screens;
			sourceTree = "<group>";
		};
		9849F1CB2A86D625003EB0C9 /* Components */ = {
			isa = PBXGroup;
			children = (
			);
			path = Components;
			sourceTree = "<group>";
		};
		EF09D2A01363A907A92DA32E /* Pods */ = {
			isa = PBXGroup;
			children = (
				A546B1D7C065BA338B35271D /* Pods-CoreDataStudy.debug.xcconfig */,
				E687CB230C9993249834D201 /* Pods-CoreDataStudy.release.xcconfig */,
			);
			name = Pods;
			path = Pods;
			sourceTree = "<group>";
		};
		F9028DFB8AB030268FBFC1DA /* Frameworks */ = {
			isa = PBXGroup;
			children = (
				1655EF61F11AE455D95EFCA4 /* Pods_CoreDataStudy.framework */,
			);
			name = Frameworks;
			sourceTree = "<group>";
		};
/* End PBXGroup section */

/* Begin PBXNativeTarget section */
		9849F1AC2A8580DE003EB0C9 /* CoreDataStudy */ = {
			isa = PBXNativeTarget;
			buildConfigurationList = 9849F1C02A8580DF003EB0C9 /* Build configuration list for PBXNativeTarget "CoreDataStudy" */;
			buildPhases = (
				566182E2B8354446F48FB242 /* [CP] Check Pods Manifest.lock */,
				9849F1A92A8580DE003EB0C9 /* Sources */,
				9849F1AA2A8580DE003EB0C9 /* Frameworks */,
				9849F1AB2A8580DE003EB0C9 /* Resources */,
				4C5B808A83778CAFE9ABBC45 /* [CP] Embed Pods Frameworks */,
			);
			buildRules = (
			);
			dependencies = (
			);
			name = CoreDataStudy;
			productName = CoreDataStudy;
			productReference = 9849F1AD2A8580DE003EB0C9 /* CoreDataStudy.app */;
			productType = "com.apple.product-type.application";
		};
/* End PBXNativeTarget section */

/* Begin PBXProject section */
		9849F1A52A8580DE003EB0C9 /* Project object */ = {
			isa = PBXProject;
			attributes = {
				BuildIndependentTargetsInParallel = 1;
				LastSwiftUpdateCheck = 1430;
				LastUpgradeCheck = 1430;
				TargetAttributes = {
					9849F1AC2A8580DE003EB0C9 = {
						CreatedOnToolsVersion = 14.3.1;
					};
				};
			};
			buildConfigurationList = 9849F1A82A8580DE003EB0C9 /* Build configuration list for PBXProject "CoreDataStudy" */;
			compatibilityVersion = "Xcode 14.0";
			developmentRegion = en;
			hasScannedForEncodings = 0;
			knownRegions = (
				en,
				Base,
			);
			mainGroup = 9849F1A42A8580DE003EB0C9;
			productRefGroup = 9849F1AE2A8580DE003EB0C9 /* Products */;
			projectDirPath = "";
			projectRoot = "";
			targets = (
				9849F1AC2A8580DE003EB0C9 /* CoreDataStudy */,
			);
		};
/* End PBXProject section */

/* Begin PBXResourcesBuildPhase section */
		9849F1AB2A8580DE003EB0C9 /* Resources */ = {
			isa = PBXResourcesBuildPhase;
			buildActionMask = 2147483647;
			files = (
				9849F1B82A8580DF003EB0C9 /* Preview Assets.xcassets in Resources */,
				9849F1B52A8580DF003EB0C9 /* Assets.xcassets in Resources */,
			);
			runOnlyForDeploymentPostprocessing = 0;
		};
/* End PBXResourcesBuildPhase section */

/* Begin PBXShellScriptBuildPhase section */
		4C5B808A83778CAFE9ABBC45 /* [CP] Embed Pods Frameworks */ = {
			isa = PBXShellScriptBuildPhase;
			buildActionMask = 2147483647;
			files = (
			);
			inputFileListPaths = (
				"${PODS_ROOT}/Target Support Files/Pods-CoreDataStudy/Pods-CoreDataStudy-frameworks-${CONFIGURATION}-input-files.xcfilelist",
			);
			name = "[CP] Embed Pods Frameworks";
			outputFileListPaths = (
				"${PODS_ROOT}/Target Support Files/Pods-CoreDataStudy/Pods-CoreDataStudy-frameworks-${CONFIGURATION}-output-files.xcfilelist",
			);
			runOnlyForDeploymentPostprocessing = 0;
			shellPath = /bin/sh;
			shellScript = "\"${PODS_ROOT}/Target Support Files/Pods-CoreDataStudy/Pods-CoreDataStudy-frameworks.sh\"\n";
			showEnvVarsInLog = 0;
		};
		566182E2B8354446F48FB242 /* [CP] Check Pods Manifest.lock */ = {
			isa = PBXShellScriptBuildPhase;
			buildActionMask = 2147483647;
			files = (
			);
			inputFileListPaths = (
			);
			inputPaths = (
				"${PODS_PODFILE_DIR_PATH}/Podfile.lock",
				"${PODS_ROOT}/Manifest.lock",
			);
			name = "[CP] Check Pods Manifest.lock";
			outputFileListPaths = (
			);
			outputPaths = (
				"$(DERIVED_FILE_DIR)/Pods-CoreDataStudy-checkManifestLockResult.txt",
			);
			runOnlyForDeploymentPostprocessing = 0;
			shellPath = /bin/sh;
			shellScript = "diff \"${PODS_PODFILE_DIR_PATH}/Podfile.lock\" \"${PODS_ROOT}/Manifest.lock\" > /dev/null\nif [ $? != 0 ] ; then\n    # print error to STDERR\n    echo \"error: The sandbox is not in sync with the Podfile.lock. Run 'pod install' or update your CocoaPods installation.\" >&2\n    exit 1\nfi\n# This output is used by Xcode 'outputs' to avoid re-running this script phase.\necho \"SUCCESS\" > \"${SCRIPT_OUTPUT_FILE_0}\"\n";
			showEnvVarsInLog = 0;
		};
/* End PBXShellScriptBuildPhase section */

/* Begin PBXSourcesBuildPhase section */
		9849F1A92A8580DE003EB0C9 /* Sources */ = {
			isa = PBXSourcesBuildPhase;
			buildActionMask = 2147483647;
			files = (
				9849F1BA2A8580DF003EB0C9 /* Persistence.swift in Sources */,
				9849F1B32A8580DE003EB0C9 /* ContentView.swift in Sources */,
				9849F1BD2A8580DF003EB0C9 /* CoreDataStudy.xcdatamodeld in Sources */,
				9849F1CD2A86D634003EB0C9 /* StarShower.swift in Sources */,
				9849F1CA2A86A69F003EB0C9 /* CatSelectorView.swift in Sources */,
				9849F1B12A8580DE003EB0C9 /* CoreDataStudyApp.swift in Sources */,
				9849F1CF2A8AADBE003EB0C9 /* CatList.swift in Sources */,
			);
			runOnlyForDeploymentPostprocessing = 0;
		};
/* End PBXSourcesBuildPhase section */

/* Begin XCBuildConfiguration section */
		9849F1BE2A8580DF003EB0C9 /* Debug */ = {
			isa = XCBuildConfiguration;
			buildSettings = {
				ALWAYS_SEARCH_USER_PATHS = NO;
				CLANG_ANALYZER_NONNULL = YES;
				CLANG_ANALYZER_NUMBER_OBJECT_CONVERSION = YES_AGGRESSIVE;
				CLANG_CXX_LANGUAGE_STANDARD = "gnu++20";
				CLANG_ENABLE_MODULES = YES;
				CLANG_ENABLE_OBJC_ARC = YES;
				CLANG_ENABLE_OBJC_WEAK = YES;
				CLANG_WARN_BLOCK_CAPTURE_AUTORELEASING = YES;
				CLANG_WARN_BOOL_CONVERSION = YES;
				CLANG_WARN_COMMA = YES;
				CLANG_WARN_CONSTANT_CONVERSION = YES;
				CLANG_WARN_DEPRECATED_OBJC_IMPLEMENTATIONS = YES;
				CLANG_WARN_DIRECT_OBJC_ISA_USAGE = YES_ERROR;
				CLANG_WARN_DOCUMENTATION_COMMENTS = YES;
				CLANG_WARN_EMPTY_BODY = YES;
				CLANG_WARN_ENUM_CONVERSION = YES;
				CLANG_WARN_INFINITE_RECURSION = YES;
				CLANG_WARN_INT_CONVERSION = YES;
				CLANG_WARN_NON_LITERAL_NULL_CONVERSION = YES;
				CLANG_WARN_OBJC_IMPLICIT_RETAIN_SELF = YES;
				CLANG_WARN_OBJC_LITERAL_CONVERSION = YES;
				CLANG_WARN_OBJC_ROOT_CLASS = YES_ERROR;
				CLANG_WARN_QUOTED_INCLUDE_IN_FRAMEWORK_HEADER = YES;
				CLANG_WARN_RANGE_LOOP_ANALYSIS = YES;
				CLANG_WARN_STRICT_PROTOTYPES = YES;
				CLANG_WARN_SUSPICIOUS_MOVE = YES;
				CLANG_WARN_UNGUARDED_AVAILABILITY = YES_AGGRESSIVE;
				CLANG_WARN_UNREACHABLE_CODE = YES;
				CLANG_WARN__DUPLICATE_METHOD_MATCH = YES;
				COPY_PHASE_STRIP = NO;
				DEBUG_INFORMATION_FORMAT = dwarf;
				ENABLE_STRICT_OBJC_MSGSEND = YES;
				ENABLE_TESTABILITY = YES;
				GCC_C_LANGUAGE_STANDARD = gnu11;
				GCC_DYNAMIC_NO_PIC = NO;
				GCC_NO_COMMON_BLOCKS = YES;
				GCC_OPTIMIZATION_LEVEL = 0;
				GCC_PREPROCESSOR_DEFINITIONS = (
					"DEBUG=1",
					"$(inherited)",
				);
				GCC_WARN_64_TO_32_BIT_CONVERSION = YES;
				GCC_WARN_ABOUT_RETURN_TYPE = YES_ERROR;
				GCC_WARN_UNDECLARED_SELECTOR = YES;
				GCC_WARN_UNINITIALIZED_AUTOS = YES_AGGRESSIVE;
				GCC_WARN_UNUSED_FUNCTION = YES;
				GCC_WARN_UNUSED_VARIABLE = YES;
				IPHONEOS_DEPLOYMENT_TARGET = 16.4;
				MTL_ENABLE_DEBUG_INFO = INCLUDE_SOURCE;
				MTL_FAST_MATH = YES;
				ONLY_ACTIVE_ARCH = YES;
				SDKROOT = iphoneos;
				SWIFT_ACTIVE_COMPILATION_CONDITIONS = DEBUG;
				SWIFT_OPTIMIZATION_LEVEL = "-Onone";
			};
			name = Debug;
		};
		9849F1BF2A8580DF003EB0C9 /* Release */ = {
			isa = XCBuildConfiguration;
			buildSettings = {
				ALWAYS_SEARCH_USER_PATHS = NO;
				CLANG_ANALYZER_NONNULL = YES;
				CLANG_ANALYZER_NUMBER_OBJECT_CONVERSION = YES_AGGRESSIVE;
				CLANG_CXX_LANGUAGE_STANDARD = "gnu++20";
				CLANG_ENABLE_MODULES = YES;
				CLANG_ENABLE_OBJC_ARC = YES;
				CLANG_ENABLE_OBJC_WEAK = YES;
				CLANG_WARN_BLOCK_CAPTURE_AUTORELEASING = YES;
				CLANG_WARN_BOOL_CONVERSION = YES;
				CLANG_WARN_COMMA = YES;
				CLANG_WARN_CONSTANT_CONVERSION = YES;
				CLANG_WARN_DEPRECATED_OBJC_IMPLEMENTATIONS = YES;
				CLANG_WARN_DIRECT_OBJC_ISA_USAGE = YES_ERROR;
				CLANG_WARN_DOCUMENTATION_COMMENTS = YES;
				CLANG_WARN_EMPTY_BODY = YES;
				CLANG_WARN_ENUM_CONVERSION = YES;
				CLANG_WARN_INFINITE_RECURSION = YES;
				CLANG_WARN_INT_CONVERSION = YES;
				CLANG_WARN_NON_LITERAL_NULL_CONVERSION = YES;
				CLANG_WARN_OBJC_IMPLICIT_RETAIN_SELF = YES;
				CLANG_WARN_OBJC_LITERAL_CONVERSION = YES;
				CLANG_WARN_OBJC_ROOT_CLASS = YES_ERROR;
				CLANG_WARN_QUOTED_INCLUDE_IN_FRAMEWORK_HEADER = YES;
				CLANG_WARN_RANGE_LOOP_ANALYSIS = YES;
				CLANG_WARN_STRICT_PROTOTYPES = YES;
				CLANG_WARN_SUSPICIOUS_MOVE = YES;
				CLANG_WARN_UNGUARDED_AVAILABILITY = YES_AGGRESSIVE;
				CLANG_WARN_UNREACHABLE_CODE = YES;
				CLANG_WARN__DUPLICATE_METHOD_MATCH = YES;
				COPY_PHASE_STRIP = NO;
				DEBUG_INFORMATION_FORMAT = "dwarf-with-dsym";
				ENABLE_NS_ASSERTIONS = NO;
				ENABLE_STRICT_OBJC_MSGSEND = YES;
				GCC_C_LANGUAGE_STANDARD = gnu11;
				GCC_NO_COMMON_BLOCKS = YES;
				GCC_WARN_64_TO_32_BIT_CONVERSION = YES;
				GCC_WARN_ABOUT_RETURN_TYPE = YES_ERROR;
				GCC_WARN_UNDECLARED_SELECTOR = YES;
				GCC_WARN_UNINITIALIZED_AUTOS = YES_AGGRESSIVE;
				GCC_WARN_UNUSED_FUNCTION = YES;
				GCC_WARN_UNUSED_VARIABLE = YES;
				IPHONEOS_DEPLOYMENT_TARGET = 16.4;
				MTL_ENABLE_DEBUG_INFO = NO;
				MTL_FAST_MATH = YES;
				SDKROOT = iphoneos;
				SWIFT_COMPILATION_MODE = wholemodule;
				SWIFT_OPTIMIZATION_LEVEL = "-O";
				VALIDATE_PRODUCT = YES;
			};
			name = Release;
		};
		9849F1C12A8580DF003EB0C9 /* Debug */ = {
			isa = XCBuildConfiguration;
			baseConfigurationReference = A546B1D7C065BA338B35271D /* Pods-CoreDataStudy.debug.xcconfig */;
			buildSettings = {
				ASSETCATALOG_COMPILER_APPICON_NAME = AppIcon;
				ASSETCATALOG_COMPILER_GLOBAL_ACCENT_COLOR_NAME = AccentColor;
				CODE_SIGN_STYLE = Automatic;
				CURRENT_PROJECT_VERSION = 1;
				DEVELOPMENT_ASSET_PATHS = "\"CoreDataStudy/Preview Content\"";
				DEVELOPMENT_TEAM = M67J2XKW43;
				ENABLE_PREVIEWS = YES;
				GENERATE_INFOPLIST_FILE = YES;
				INFOPLIST_KEY_UIApplicationSceneManifest_Generation = YES;
				INFOPLIST_KEY_UIApplicationSupportsIndirectInputEvents = YES;
				INFOPLIST_KEY_UILaunchScreen_Generation = YES;
				INFOPLIST_KEY_UISupportedInterfaceOrientations_iPad = "UIInterfaceOrientationPortrait UIInterfaceOrientationPortraitUpsideDown UIInterfaceOrientationLandscapeLeft UIInterfaceOrientationLandscapeRight";
				INFOPLIST_KEY_UISupportedInterfaceOrientations_iPhone = "UIInterfaceOrientationPortrait UIInterfaceOrientationLandscapeLeft UIInterfaceOrientationLandscapeRight";
				LD_RUNPATH_SEARCH_PATHS = (
					"$(inherited)",
					"@executable_path/Frameworks",
				);
				MARKETING_VERSION = 1.0;
				PRODUCT_BUNDLE_IDENTIFIER = Victor.CoreDataStudy;
				PRODUCT_NAME = "$(TARGET_NAME)";
				SWIFT_EMIT_LOC_STRINGS = YES;
				SWIFT_VERSION = 5.0;
				TARGETED_DEVICE_FAMILY = "1,2";
			};
			name = Debug;
		};
		9849F1C22A8580DF003EB0C9 /* Release */ = {
			isa = XCBuildConfiguration;
			baseConfigurationReference = E687CB230C9993249834D201 /* Pods-CoreDataStudy.release.xcconfig */;
			buildSettings = {
				ASSETCATALOG_COMPILER_APPICON_NAME = AppIcon;
				ASSETCATALOG_COMPILER_GLOBAL_ACCENT_COLOR_NAME = AccentColor;
				CODE_SIGN_STYLE = Automatic;
				CURRENT_PROJECT_VERSION = 1;
				DEVELOPMENT_ASSET_PATHS = "\"CoreDataStudy/Preview Content\"";
				DEVELOPMENT_TEAM = M67J2XKW43;
				ENABLE_PREVIEWS = YES;
				GENERATE_INFOPLIST_FILE = YES;
				INFOPLIST_KEY_UIApplicationSceneManifest_Generation = YES;
				INFOPLIST_KEY_UIApplicationSupportsIndirectInputEvents = YES;
				INFOPLIST_KEY_UILaunchScreen_Generation = YES;
				INFOPLIST_KEY_UISupportedInterfaceOrientations_iPad = "UIInterfaceOrientationPortrait UIInterfaceOrientationPortraitUpsideDown UIInterfaceOrientationLandscapeLeft UIInterfaceOrientationLandscapeRight";
				INFOPLIST_KEY_UISupportedInterfaceOrientations_iPhone = "UIInterfaceOrientationPortrait UIInterfaceOrientationLandscapeLeft UIInterfaceOrientationLandscapeRight";
				LD_RUNPATH_SEARCH_PATHS = (
					"$(inherited)",
					"@executable_path/Frameworks",
				);
				MARKETING_VERSION = 1.0;
				PRODUCT_BUNDLE_IDENTIFIER = Victor.CoreDataStudy;
				PRODUCT_NAME = "$(TARGET_NAME)";
				SWIFT_EMIT_LOC_STRINGS = YES;
				SWIFT_VERSION = 5.0;
				TARGETED_DEVICE_FAMILY = "1,2";
			};
			name = Release;
		};
/* End XCBuildConfiguration section */

/* Begin XCConfigurationList section */
		9849F1A82A8580DE003EB0C9 /* Build configuration list for PBXProject "CoreDataStudy" */ = {
			isa = XCConfigurationList;
			buildConfigurations = (
				9849F1BE2A8580DF003EB0C9 /* Debug */,
				9849F1BF2A8580DF003EB0C9 /* Release */,
			);
			defaultConfigurationIsVisible = 0;
			defaultConfigurationName = Release;
		};
		9849F1C02A8580DF003EB0C9 /* Build configuration list for PBXNativeTarget "CoreDataStudy" */ = {
			isa = XCConfigurationList;
			buildConfigurations = (
				9849F1C12A8580DF003EB0C9 /* Debug */,
				9849F1C22A8580DF003EB0C9 /* Release */,
			);
			defaultConfigurationIsVisible = 0;
			defaultConfigurationName = Release;
		};
/* End XCConfigurationList section */

/* Begin XCVersionGroup section */
		9849F1BB2A8580DF003EB0C9 /* CoreDataStudy.xcdatamodeld */ = {
			isa = XCVersionGroup;
			children = (
				9849F1BC2A8580DF003EB0C9 /* CoreDataStudy.xcdatamodel */,
			);
			currentVersion = 9849F1BC2A8580DF003EB0C9 /* CoreDataStudy.xcdatamodel */;
			path = CoreDataStudy.xcdatamodeld;
			sourceTree = "<group>";
			versionGroupType = wrapper.xcdatamodel;
		};
/* End XCVersionGroup section */
	};
	rootObject = 9849F1A52A8580DE003EB0C9 /* Project object */;
}
